
Microsoft Visual Studio Solution File, Format Version 12.00
# Visual Studio 14
VisualStudioVersion = 14.0.25420.1
MinimumVisualStudioVersion = 10.0.40219.1
Project("{FAE04EC0-301F-11D3-BF4B-00C04F79EFBC}") = "6.5", "6.5\6.5.csproj", "{BA89E59B-B95E-4849-BBA7-9FFCC384C8B8}"
EndProject
Project("{FAE04EC0-301F-11D3-BF4B-00C04F79EFBC}") = "6.4.2", "6.4.2\6.4.2.csproj", "{137ED848-C132-461B-8EFE-4EA781C8DEBC}"
EndProject
Project("{FAE04EC0-301F-11D3-BF4B-00C04F79EFBC}") = "6.3.12", "6.3.12\6.3.12.csproj", "{8C394354-3DD5-4418-82B3-1E9521CE6357}"
EndProject
Project("{FAE04EC0-301F-11D3-BF4B-00C04F79EFBC}") = "7.2.2", "7.2.2\7.2.2.csproj", "{EC920628-CFFC-45AD-ACF5-331BB326207F}"
EndProject
Project("{FAE04EC0-301F-11D3-BF4B-00C04F79EFBC}") = "7.3", "7.3\7.3.csproj", "{607ED9C1-FBC4-4F4B-8638-79642EF9B496}"
EndProject
Project("{FAE04EC0-301F-11D3-BF4B-00C04F79EFBC}") = "8.3.1", "8.3.1\8.3.1.csproj", "{2901E2C9-EC54-4939-8375-81C6D7128353}"
EndProject
Project("{FAE04EC0-301F-11D3-BF4B-00C04F79EFBC}") = "8.3.2", "8.3.2\8.3.2.csproj", "{D15162B9-CEDC-40A5-8222-AC871467F42C}"
EndProject
Project("{FAE04EC0-301F-11D3-BF4B-00C04F79EFBC}") = "8.3.3", "8.3.3\8.3.3.csproj", "{17D1468C-A131-401F-A248-26060F6FA958}"
EndProject
Project("{FAE04EC0-301F-11D3-BF4B-00C04F79EFBC}") = "8.3.4", "8.3.4\8.3.4.csproj", "{D4C8EEBD-DA52-4D5F-83A2-ACA437C23E6D}"
EndProject
Project("{FAE04EC0-301F-11D3-BF4B-00C04F79EFBC}") = "12.1.Line", "12.1\12.1.Line.csproj", "{A93AEB63-CC7B-4455-B991-C27B10119C99}"
EndProject
Project("{FAE04EC0-301F-11D3-BF4B-00C04F79EFBC}") = "12.1.Rectangle", "12.1.Rectangle\12.1.Rectangle.csproj", "{9433E175-F825-4B1E-800F-23F873182028}"
EndProject
Project("{FAE04EC0-301F-11D3-BF4B-00C04F79EFBC}") = "12.1Rectangle_", "12.1Rectangle_\12.1Rectangle_.csproj", "{A3CE14AA-7FFB-4CEE-AACD-6820F959C2A9}"
EndProject
Project("{FAE04EC0-301F-11D3-BF4B-00C04F79EFBC}") = "12.1.Ellipse_TuoYuan", "12.1.Ellipse_TuoYuan\12.1.Ellipse_TuoYuan.csproj", "{6EEBC15F-2DB4-43B4-9F2D-341610F1E91F}"
EndProject
Project("{FAE04EC0-301F-11D3-BF4B-00C04F79EFBC}") = "12.1.Path", "12.1.Path\12.1.Path.csproj", "{FEA57767-2631-43F4-9349-43206B78D0C8}"
EndProject
Project("{FAE04EC0-301F-11D3-BF4B-00C04F79EFBC}") = "12.4.1", "12.4.1\12.4.1.csproj", "{FE3A8E89-CE7F-4242-BD9B-4EDB5C2BFB60}"
EndProject
Project("{FAE04EC0-301F-11D3-BF4B-00C04F79EFBC}") = "12.4.2", "12.4.2\12.4.2.csproj", "{7D9B8738-28EF-48FA-B2DA-5018B64012EC}"
EndProject
Project("{FAE04EC0-301F-11D3-BF4B-00C04F79EFBC}") = "10.1", "10.1\10.1.csproj", "{C748B2A8-1B1C-4FE0-887C-90E6501DA4FE}"
EndProject
Project("{FAE04EC0-301F-11D3-BF4B-00C04F79EFBC}") = "10.2", "10.2\10.2.csproj", "{7A984D63-7A14-43F0-9E6E-C0134EE07244}"
EndProject
Project("{FAE04EC0-301F-11D3-BF4B-00C04F79EFBC}") = "10.3", "10.3\10.3.csproj", "{2A73D0F3-58B7-4CFF-9245-9788019F7CE5}"
EndProject
Project("{FAE04EC0-301F-11D3-BF4B-00C04F79EFBC}") = "10.4", "10.4\10.4.csproj", "{7128317C-FADA-42E8-86A8-FC23D8E995E9}"
EndProject
Project("{FAE04EC0-301F-11D3-BF4B-00C04F79EFBC}") = "11.2", "11.2\11.2.csproj", "{7B6E09D7-C528-4AC1-BDDF-285521CA87F0}"
EndProject
Project("{FAE04EC0-301F-11D3-BF4B-00C04F79EFBC}") = "11.2_", "11.2_\11.2_.csproj", "{446B6D8D-5830-4F24-BF42-A0F1C2F82DE0}"
EndProject
Global
	GlobalSection(SolutionConfigurationPlatforms) = preSolution
		Debug|Any CPU = Debug|Any CPU
		Release|Any CPU = Release|Any CPU
	EndGlobalSection
	GlobalSection(ProjectConfigurationPlatforms) = postSolution
		{BA89E59B-B95E-4849-BBA7-9FFCC384C8B8}.Debug|Any CPU.ActiveCfg = Debug|Any CPU
		{BA89E59B-B95E-4849-BBA7-9FFCC384C8B8}.Debug|Any CPU.Build.0 = Debug|Any CPU
		{BA89E59B-B95E-4849-BBA7-9FFCC384C8B8}.Release|Any CPU.ActiveCfg = Release|Any CPU
		{BA89E59B-B95E-4849-BBA7-9FFCC384C8B8}.Release|Any CPU.Build.0 = Release|Any CPU
		{137ED848-C132-461B-8EFE-4EA781C8DEBC}.Debug|Any CPU.ActiveCfg = Debug|Any CPU
		{137ED848-C132-461B-8EFE-4EA781C8DEBC}.Debug|Any CPU.Build.0 = Debug|Any CPU
		{137ED848-C132-461B-8EFE-4EA781C8DEBC}.Release|Any CPU.ActiveCfg = Release|Any CPU
		{137ED848-C132-461B-8EFE-4EA781C8DEBC}.Release|Any CPU.Build.0 = Release|Any CPU
		{8C394354-3DD5-4418-82B3-1E9521CE6357}.Debug|Any CPU.ActiveCfg = Debug|Any CPU
		{8C394354-3DD5-4418-82B3-1E9521CE6357}.Debug|Any CPU.Build.0 = Debug|Any CPU
		{8C394354-3DD5-4418-82B3-1E9521CE6357}.Release|Any CPU.ActiveCfg = Release|Any CPU
		{8C394354-3DD5-4418-82B3-1E9521CE6357}.Release|Any CPU.Build.0 = Release|Any CPU
		{EC920628-CFFC-45AD-ACF5-331BB326207F}.Debug|Any CPU.ActiveCfg = Debug|Any CPU
		{EC920628-CFFC-45AD-ACF5-331BB326207F}.Debug|Any CPU.Build.0 = Debug|Any CPU
		{EC920628-CFFC-45AD-ACF5-331BB326207F}.Release|Any CPU.ActiveCfg = Release|Any CPU
		{EC920628-CFFC-45AD-ACF5-331BB326207F}.Release|Any CPU.Build.0 = Release|Any CPU
		{607ED9C1-FBC4-4F4B-8638-79642EF9B496}.Debug|Any CPU.ActiveCfg = Debug|Any CPU
		{607ED9C1-FBC4-4F4B-8638-79642EF9B496}.Debug|Any CPU.Build.0 = Debug|Any CPU
		{607ED9C1-FBC4-4F4B-8638-79642EF9B496}.Release|Any CPU.ActiveCfg = Release|Any CPU
		{607ED9C1-FBC4-4F4B-8638-79642EF9B496}.Release|Any CPU.Build.0 = Release|Any CPU
		{2901E2C9-EC54-4939-8375-81C6D7128353}.Debug|Any CPU.ActiveCfg = Debug|Any CPU
		{2901E2C9-EC54-4939-8375-81C6D7128353}.Debug|Any CPU.Build.0 = Debug|Any CPU
		{2901E2C9-EC54-4939-8375-81C6D7128353}.Release|Any CPU.ActiveCfg = Release|Any CPU
		{2901E2C9-EC54-4939-8375-81C6D7128353}.Release|Any CPU.Build.0 = Release|Any CPU
		{D15162B9-CEDC-40A5-8222-AC871467F42C}.Debug|Any CPU.ActiveCfg = Debug|Any CPU
		{D15162B9-CEDC-40A5-8222-AC871467F42C}.Debug|Any CPU.Build.0 = Debug|Any CPU
		{D15162B9-CEDC-40A5-8222-AC871467F42C}.Release|Any CPU.ActiveCfg = Release|Any CPU
		{D15162B9-CEDC-40A5-8222-AC871467F42C}.Release|Any CPU.Build.0 = Release|Any CPU
		{17D1468C-A131-401F-A248-26060F6FA958}.Debug|Any CPU.ActiveCfg = Debug|Any CPU
		{17D1468C-A131-401F-A248-26060F6FA958}.Debug|Any CPU.Build.0 = Debug|Any CPU
		{17D1468C-A131-401F-A248-26060F6FA958}.Release|Any CPU.ActiveCfg = Release|Any CPU
		{17D1468C-A131-401F-A248-26060F6FA958}.Release|Any CPU.Build.0 = Release|Any CPU
		{D4C8EEBD-DA52-4D5F-83A2-ACA437C23E6D}.Debug|Any CPU.ActiveCfg = Debug|Any CPU
		{D4C8EEBD-DA52-4D5F-83A2-ACA437C23E6D}.Debug|Any CPU.Build.0 = Debug|Any CPU
		{D4C8EEBD-DA52-4D5F-83A2-ACA437C23E6D}.Release|Any CPU.ActiveCfg = Release|Any CPU
		{D4C8EEBD-DA52-4D5F-83A2-ACA437C23E6D}.Release|Any CPU.Build.0 = Release|Any CPU
		{A93AEB63-CC7B-4455-B991-C27B10119C99}.Debug|Any CPU.ActiveCfg = Debug|Any CPU
		{A93AEB63-CC7B-4455-B991-C27B10119C99}.Debug|Any CPU.Build.0 = Debug|Any CPU
		{A93AEB63-CC7B-4455-B991-C27B10119C99}.Release|Any CPU.ActiveCfg = Release|Any CPU
		{A93AEB63-CC7B-4455-B991-C27B10119C99}.Release|Any CPU.Build.0 = Release|Any CPU
		{9433E175-F825-4B1E-800F-23F873182028}.Debug|Any CPU.ActiveCfg = Debug|Any CPU
		{9433E175-F825-4B1E-800F-23F873182028}.Debug|Any CPU.Build.0 = Debug|Any CPU
		{9433E175-F825-4B1E-800F-23F873182028}.Release|Any CPU.ActiveCfg = Release|Any CPU
		{9433E175-F825-4B1E-800F-23F873182028}.Release|Any CPU.Build.0 = Release|Any CPU
		{A3CE14AA-7FFB-4CEE-AACD-6820F959C2A9}.Debug|Any CPU.ActiveCfg = Debug|Any CPU
		{A3CE14AA-7FFB-4CEE-AACD-6820F959C2A9}.Debug|Any CPU.Build.0 = Debug|Any CPU
		{A3CE14AA-7FFB-4CEE-AACD-6820F959C2A9}.Release|Any CPU.ActiveCfg = Release|Any CPU
		{A3CE14AA-7FFB-4CEE-AACD-6820F959C2A9}.Release|Any CPU.Build.0 = Release|Any CPU
		{6EEBC15F-2DB4-43B4-9F2D-341610F1E91F}.Debug|Any CPU.ActiveCfg = Debug|Any CPU
		{6EEBC15F-2DB4-43B4-9F2D-341610F1E91F}.Debug|Any CPU.Build.0 = Debug|Any CPU
		{6EEBC15F-2DB4-43B4-9F2D-341610F1E91F}.Release|Any CPU.ActiveCfg = Release|Any CPU
		{6EEBC15F-2DB4-43B4-9F2D-341610F1E91F}.Release|Any CPU.Build.0 = Release|Any CPU
		{FEA57767-2631-43F4-9349-43206B78D0C8}.Debug|Any CPU.ActiveCfg = Debug|Any CPU
		{FEA57767-2631-43F4-9349-43206B78D0C8}.Debug|Any CPU.Build.0 = Debug|Any CPU
		{FEA57767-2631-43F4-9349-43206B78D0C8}.Release|Any CPU.ActiveCfg = Release|Any CPU
		{FEA57767-2631-43F4-9349-43206B78D0C8}.Release|Any CPU.Build.0 = Release|Any CPU
		{FE3A8E89-CE7F-4242-BD9B-4EDB5C2BFB60}.Debug|Any CPU.ActiveCfg = Debug|Any CPU
		{FE3A8E89-CE7F-4242-BD9B-4EDB5C2BFB60}.Debug|Any CPU.Build.0 = Debug|Any CPU
		{FE3A8E89-CE7F-4242-BD9B-4EDB5C2BFB60}.Release|Any CPU.ActiveCfg = Release|Any CPU
		{FE3A8E89-CE7F-4242-BD9B-4EDB5C2BFB60}.Release|Any CPU.Build.0 = Release|Any CPU
		{7D9B8738-28EF-48FA-B2DA-5018B64012EC}.Debug|Any CPU.ActiveCfg = Debug|Any CPU
		{7D9B8738-28EF-48FA-B2DA-5018B64012EC}.Debug|Any CPU.Build.0 = Debug|Any CPU
		{7D9B8738-28EF-48FA-B2DA-5018B64012EC}.Release|Any CPU.ActiveCfg = Release|Any CPU
		{7D9B8738-28EF-48FA-B2DA-5018B64012EC}.Release|Any CPU.Build.0 = Release|Any CPU
		{C748B2A8-1B1C-4FE0-887C-90E6501DA4FE}.Debug|Any CPU.ActiveCfg = Debug|Any CPU
		{C748B2A8-1B1C-4FE0-887C-90E6501DA4FE}.Debug|Any CPU.Build.0 = Debug|Any CPU
		{C748B2A8-1B1C-4FE0-887C-90E6501DA4FE}.Release|Any CPU.ActiveCfg = Release|Any CPU
		{C748B2A8-1B1C-4FE0-887C-90E6501DA4FE}.Release|Any CPU.Build.0 = Release|Any CPU
		{7A984D63-7A14-43F0-9E6E-C0134EE07244}.Debug|Any CPU.ActiveCfg = Debug|Any CPU
		{7A984D63-7A14-43F0-9E6E-C0134EE07244}.Debug|Any CPU.Build.0 = Debug|Any CPU
		{7A984D63-7A14-43F0-9E6E-C0134EE07244}.Release|Any CPU.ActiveCfg = Release|Any CPU
		{7A984D63-7A14-43F0-9E6E-C0134EE07244}.Release|Any CPU.Build.0 = Release|Any CPU
		{2A73D0F3-58B7-4CFF-9245-9788019F7CE5}.Debug|Any CPU.ActiveCfg = Debug|Any CPU
		{2A73D0F3-58B7-4CFF-9245-9788019F7CE5}.Debug|Any CPU.Build.0 = Debug|Any CPU
		{2A73D0F3-58B7-4CFF-9245-9788019F7CE5}.Release|Any CPU.ActiveCfg = Release|Any CPU
		{2A73D0F3-58B7-4CFF-9245-9788019F7CE5}.Release|Any CPU.Build.0 = Release|Any CPU
		{7128317C-FADA-42E8-86A8-FC23D8E995E9}.Debug|Any CPU.ActiveCfg = Debug|Any CPU
		{7128317C-FADA-42E8-86A8-FC23D8E995E9}.Debug|Any CPU.Build.0 = Debug|Any CPU
		{7128317C-FADA-42E8-86A8-FC23D8E995E9}.Release|Any CPU.ActiveCfg = Release|Any CPU
		{7128317C-FADA-42E8-86A8-FC23D8E995E9}.Release|Any CPU.Build.0 = Release|Any CPU
		{7B6E09D7-C528-4AC1-BDDF-285521CA87F0}.Debug|Any CPU.ActiveCfg = Debug|Any CPU
		{7B6E09D7-C528-4AC1-BDDF-285521CA87F0}.Debug|Any CPU.Build.0 = Debug|Any CPU
		{7B6E09D7-C528-4AC1-BDDF-285521CA87F0}.Release|Any CPU.ActiveCfg = Release|Any CPU
		{7B6E09D7-C528-4AC1-BDDF-285521CA87F0}.Release|Any CPU.Build.0 = Release|Any CPU
		{446B6D8D-5830-4F24-BF42-A0F1C2F82DE0}.Debug|Any CPU.ActiveCfg = Debug|Any CPU
		{446B6D8D-5830-4F24-BF42-A0F1C2F82DE0}.Debug|Any CPU.Build.0 = Debug|Any CPU
		{446B6D8D-5830-4F24-BF42-A0F1C2F82DE0}.Release|Any CPU.ActiveCfg = Release|Any CPU
		{446B6D8D-5830-4F24-BF42-A0F1C2F82DE0}.Release|Any CPU.Build.0 = Release|Any CPU
	EndGlobalSection
	GlobalSection(SolutionProperties) = preSolution
		HideSolutionNode = FALSE
	EndGlobalSection
EndGlobal
